// !$*UTF8*$!
{
	archiveVersion = 1;
	classes = {
	};
	objectVersion = 46;
	objects = {

/* Begin PBXBuildFile section */
		157B880B1DDB31560025ACCF /* AppDelegate.swift in Sources */ = {isa = PBXBuildFile; fileRef = 157B880A1DDB31560025ACCF /* AppDelegate.swift */; };
		157B880D1DDB31560025ACCF /* ViewController.swift in Sources */ = {isa = PBXBuildFile; fileRef = 157B880C1DDB31560025ACCF /* ViewController.swift */; };
		157B88101DDB31560025ACCF /* Main.storyboard in Resources */ = {isa = PBXBuildFile; fileRef = 157B880E1DDB31560025ACCF /* Main.storyboard */; };
		157B88121DDB31560025ACCF /* Assets.xcassets in Resources */ = {isa = PBXBuildFile; fileRef = 157B88111DDB31560025ACCF /* Assets.xcassets */; };
		157B88151DDB31560025ACCF /* LaunchScreen.storyboard in Resources */ = {isa = PBXBuildFile; fileRef = 157B88131DDB31560025ACCF /* LaunchScreen.storyboard */; };
		E22D85A2D1250BC8B42C108A /* Pods_Weather_Today.framework in Frameworks */ = {isa = PBXBuildFile; fileRef = A356795153D6BE7FA493994A /* Pods_Weather_Today.framework */; };
/* End PBXBuildFile section */

/* Begin PBXFileReference section */
		157B88071DDB31560025ACCF /* Weather Today.app */ = {isa = PBXFileReference; explicitFileType = wrapper.application; includeInIndex = 0; path = "Weather Today.app"; sourceTree = BUILT_PRODUCTS_DIR; };
		157B880A1DDB31560025ACCF /* AppDelegate.swift */ = {isa = PBXFileReference; lastKnownFileType = sourcecode.swift; path = AppDelegate.swift; sourceTree = "<group>"; };
		157B880C1DDB31560025ACCF /* ViewController.swift */ = {isa = PBXFileReference; lastKnownFileType = sourcecode.swift; path = ViewController.swift; sourceTree = "<group>"; };
		157B880F1DDB31560025ACCF /* Base */ = {isa = PBXFileReference; lastKnownFileType = file.storyboard; name = Base; path = Base.lproj/Main.storyboard; sourceTree = "<group>"; };
		157B88111DDB31560025ACCF /* Assets.xcassets */ = {isa = PBXFileReference; lastKnownFileType = folder.assetcatalog; path = Assets.xcassets; sourceTree = "<group>"; };
		157B88141DDB31560025ACCF /* Base */ = {isa = PBXFileReference; lastKnownFileType = file.storyboard; name = Base; path = Base.lproj/LaunchScreen.storyboard; sourceTree = "<group>"; };
		157B88161DDB31560025ACCF /* Info.plist */ = {isa = PBXFileReference; lastKnownFileType = text.plist.xml; path = Info.plist; sourceTree = "<group>"; };
		40F62A622C5C4713E5FF4508 /* Pods-Weather Today.release.xcconfig */ = {isa = PBXFileReference; includeInIndex = 1; lastKnownFileType = text.xcconfig; name = "Pods-Weather Today.release.xcconfig"; path = "Pods/Target Support Files/Pods-Weather Today/Pods-Weather Today.release.xcconfig"; sourceTree = "<group>"; };
		A356795153D6BE7FA493994A /* Pods_Weather_Today.framework */ = {isa = PBXFileReference; explicitFileType = wrapper.framework; includeInIndex = 0; path = Pods_Weather_Today.framework; sourceTree = BUILT_PRODUCTS_DIR; };
		A47ABC841A3557051F4F37A1 /* Pods-Weather Today.debug.xcconfig */ = {isa = PBXFileReference; includeInIndex = 1; lastKnownFileType = text.xcconfig; name = "Pods-Weather Today.debug.xcconfig"; path = "Pods/Target Support Files/Pods-Weather Today/Pods-Weather Today.debug.xcconfig"; sourceTree = "<group>"; };
/* End PBXFileReference section */

/* Begin PBXFrameworksBuildPhase section */
		157B88041DDB31560025ACCF /* Frameworks */ = {
			isa = PBXFrameworksBuildPhase;
			buildActionMask = 2147483647;
			files = (
				E22D85A2D1250BC8B42C108A /* Pods_Weather_Today.framework in Frameworks */,
			);
			runOnlyForDeploymentPostprocessing = 0;
		};
/* End PBXFrameworksBuildPhase section */

/* Begin PBXGroup section */
		157B87FE1DDB31560025ACCF = {
			isa = PBXGroup;
			children = (
				157B88091DDB31560025ACCF /* Weather Today */,
				157B88081DDB31560025ACCF /* Products */,
				9246342BFF458BEB9110197D /* Pods */,
				66A90DE4B263FC4525225F56 /* Frameworks */,
			);
			sourceTree = "<group>";
		};
		157B88081DDB31560025ACCF /* Products */ = {
			isa = PBXGroup;
			children = (
				157B88071DDB31560025ACCF /* Weather Today.app */,
			);
			name = Products;
			sourceTree = "<group>";
		};
		157B88091DDB31560025ACCF /* Weather Today */ = {
			isa = PBXGroup;
			children = (
				157B880A1DDB31560025ACCF /* AppDelegate.swift */,
				157B880C1DDB31560025ACCF /* ViewController.swift */,
				157B880E1DDB31560025ACCF /* Main.storyboard */,
				157B88111DDB31560025ACCF /* Assets.xcassets */,
				157B88131DDB31560025ACCF /* LaunchScreen.storyboard */,
				157B88161DDB31560025ACCF /* Info.plist */,
			);
			path = "Weather Today";
			sourceTree = "<group>";
		};
		66A90DE4B263FC4525225F56 /* Frameworks */ = {
			isa = PBXGroup;
			children = (
				A356795153D6BE7FA493994A /* Pods_Weather_Today.framework */,
			);
			name = Frameworks;
			sourceTree = "<group>";
		};
		9246342BFF458BEB9110197D /* Pods */ = {
			isa = PBXGroup;
			children = (
				A47ABC841A3557051F4F37A1 /* Pods-Weather Today.debug.xcconfig */,
				40F62A622C5C4713E5FF4508 /* Pods-Weather Today.release.xcconfig */,
			);
			name = Pods;
			sourceTree = "<group>";
		};
/* End PBXGroup section */

/* Begin PBXNativeTarget section */
		157B88061DDB31560025ACCF /* Weather Today */ = {
			isa = PBXNativeTarget;
			buildConfigurationList = 157B88191DDB31560025ACCF /* Build configuration list for PBXNativeTarget "Weather Today" */;
			buildPhases = (
				3ED8A2D0AAF335880AA95A91 /* [CP] Check Pods Manifest.lock */,
				157B88031DDB31560025ACCF /* Sources */,
				157B88041DDB31560025ACCF /* Frameworks */,
				157B88051DDB31560025ACCF /* Resources */,
				18BA517F0408E0D56903DC43 /* [CP] Embed Pods Frameworks */,
				E762A5618CD874D0FF38BD3B /* [CP] Copy Pods Resources */,
			);
			buildRules = (
			);
			dependencies = (
			);
			name = "Weather Today";
			productName = "Weather Today";
			productReference = 157B88071DDB31560025ACCF /* Weather Today.app */;
			productType = "com.apple.product-type.application";
		};
/* End PBXNativeTarget section */

/* Begin PBXProject section */
		157B87FF1DDB31560025ACCF /* Project object */ = {
			isa = PBXProject;
			attributes = {
				LastSwiftUpdateCheck = 0810;
				LastUpgradeCheck = 0810;
				ORGANIZATIONNAME = "Akash Singhal";
				TargetAttributes = {
					157B88061DDB31560025ACCF = {
						CreatedOnToolsVersion = 8.1;
						DevelopmentTeam = FQ34W7BKSR;
						ProvisioningStyle = Automatic;
					};
				};
			};
			buildConfigurationList = 157B88021DDB31560025ACCF /* Build configuration list for PBXProject "Weather Today" */;
			compatibilityVersion = "Xcode 3.2";
			developmentRegion = English;
			hasScannedForEncodings = 0;
			knownRegions = (
				en,
				Base,
			);
			mainGroup = 157B87FE1DDB31560025ACCF;
			productRefGroup = 157B88081DDB31560025ACCF /* Products */;
			projectDirPath = "";
			projectRoot = "";
			targets = (
				157B88061DDB31560025ACCF /* Weather Today */,
			);
		};
/* End PBXProject section */

/* Begin PBXResourcesBuildPhase section */
		157B88051DDB31560025ACCF /* Resources */ = {
			isa = PBXResourcesBuildPhase;
			buildActionMask = 2147483647;
			files = (
				157B88151DDB31560025ACCF /* LaunchScreen.storyboard in Resources */,
				157B88121DDB31560025ACCF /* Assets.xcassets in Resources */,
				157B88101DDB31560025ACCF /* Main.storyboard in Resources */,
			);
			runOnlyForDeploymentPostprocessing = 0;
		};
/* End PBXResourcesBuildPhase section */

/* Begin PBXShellScriptBuildPhase section */
		18BA517F0408E0D56903DC43 /* [CP] Embed Pods Frameworks */ = {
			isa = PBXShellScriptBuildPhase;
			buildActionMask = 2147483647;
			files = (
			);
			inputPaths = (
			);
			name = "[CP] Embed Pods Frameworks";
			outputPaths = (
			);
			runOnlyForDeploymentPostprocessing = 0;
			shellPath = /bin/sh;
			shellScript = "\"${SRCROOT}/Pods/Target Support Files/Pods-Weather Today/Pods-Weather Today-frameworks.sh\"\n";
			showEnvVarsInLog = 0;
		};
		3ED8A2D0AAF335880AA95A91 /* [CP] Check Pods Manifest.lock */ = {
			isa = PBXShellScriptBuildPhase;
			buildActionMask = 2147483647;
			files = (
			);
			inputPaths = (
			);
			name = "[CP] Check Pods Manifest.lock";
			outputPaths = (
			);
			runOnlyForDeploymentPostprocessing = 0;
			shellPath = /bin/sh;
			shellScript = "diff \"${PODS_ROOT}/../Podfile.lock\" \"${PODS_ROOT}/Manifest.lock\" > /dev/null\nif [ $? != 0 ] ; then\n    # print error to STDERR\n    echo \"error: The sandbox is not in sync with the Podfile.lock. Run 'pod install' or update your CocoaPods installation.\" >&2\n    exit 1\nfi\n";
			showEnvVarsInLog = 0;
		};
		E762A5618CD874D0FF38BD3B /* [CP] Copy Pods Resources */ = {
			isa = PBXShellScriptBuildPhase;
			buildActionMask = 2147483647;
			files = (
			);
			inputPaths = (
			);
			name = "[CP] Copy Pods Resources";
			outputPaths = (
			);
			runOnlyForDeploymentPostprocessing = 0;
			shellPath = /bin/sh;
			shellScript = "\"${SRCROOT}/Pods/Target Support Files/Pods-Weather Today/Pods-Weather Today-resources.sh\"\n";
			showEnvVarsInLog = 0;
		};
/* End PBXShellScriptBuildPhase section */

/* Begin PBXSourcesBuildPhase section */
		157B88031DDB31560025ACCF /* Sources */ = {
			isa = PBXSourcesBuildPhase;
			buildActionMask = 2147483647;
			files = (
				157B880D1DDB31560025ACCF /* ViewController.swift in Sources */,
				157B880B1DDB31560025ACCF /* AppDelegate.swift in Sources */,
			);
			runOnlyForDeploymentPostprocessing = 0;
		};
/* End PBXSourcesBuildPhase section */

/* Begin PBXVariantGroup section */
		157B880E1DDB31560025ACCF /* Main.storyboard */ = {
			isa = PBXVariantGroup;
			children = (
				157B880F1DDB31560025ACCF /* Base */,
			);
			name = Main.storyboard;
			sourceTree = "<group>";
		};
		157B88131DDB31560025ACCF /* LaunchScreen.storyboard */ = {
			isa = PBXVariantGroup;
			children = (
				157B88141DDB31560025ACCF /* Base */,
			);
			name = LaunchScreen.storyboard;
			sourceTree = "<group>";
		};
/* End PBXVariantGroup section */

/* Begin XCBuildConfiguration section */
		157B88171DDB31560025ACCF /* Debug */ = {
			isa = XCBuildConfiguration;
			buildSettings = {
				ALWAYS_SEARCH_USER_PATHS = NO;
				CLANG_ANALYZER_NONNULL = YES;
				CLANG_CXX_LANGUAGE_STANDARD = "gnu++0x";
				CLANG_CXX_LIBRARY = "libc++";
				CLANG_ENABLE_MODULES = YES;
				CLANG_ENABLE_OBJC_ARC = YES;
				CLANG_WARN_BOOL_CONVERSION = YES;
				CLANG_WARN_CONSTANT_CONVERSION = YES;
				CLANG_WARN_DIRECT_OBJC_ISA_USAGE = YES_ERROR;
				CLANG_WARN_DOCUMENTATION_COMMENTS = YES;
				CLANG_WARN_EMPTY_BODY = YES;
				CLANG_WARN_ENUM_CONVERSION = YES;
				CLANG_WARN_INFINITE_RECURSION = YES;
				CLANG_WARN_INT_CONVERSION = YES;
				CLANG_WARN_OBJC_ROOT_CLASS = YES_ERROR;
				CLANG_WARN_SUSPICIOUS_MOVE = YES;
				CLANG_WARN_SUSPICIOUS_MOVES = YES;
				CLANG_WARN_UNREACHABLE_CODE = YES;
				CLANG_WARN__DUPLICATE_METHOD_MATCH = YES;
				"CODE_SIGN_IDENTITY[sdk=iphoneos*]" = "iPhone Developer";
				COPY_PHASE_STRIP = NO;
				DEBUG_INFORMATION_FORMAT = dwarf;
				ENABLE_STRICT_OBJC_MSGSEND = YES;
				ENABLE_TESTABILITY = YES;
				GCC_C_LANGUAGE_STANDARD = gnu99;
				GCC_DYNAMIC_NO_PIC = NO;
				GCC_NO_COMMON_BLOCKS = YES;
				GCC_OPTIMIZATION_LEVEL = 0;
				GCC_PREPROCESSOR_DEFINITIONS = (
					"DEBUG=1",
					"$(inherited)",
				);
				GCC_WARN_64_TO_32_BIT_CONVERSION = YES;
				GCC_WARN_ABOUT_RETURN_TYPE = YES_ERROR;
				GCC_WARN_UNDECLARED_SELECTOR = YES;
				GCC_WARN_UNINITIALIZED_AUTOS = YES_AGGRESSIVE;
				GCC_WARN_UNUSED_FUNCTION = YES;
				GCC_WARN_UNUSED_VARIABLE = YES;
				IPHONEOS_DEPLOYMENT_TARGET = 10.1;
				MTL_ENABLE_DEBUG_INFO = YES;
				ONLY_ACTIVE_ARCH = YES;
				SDKROOT = iphoneos;
				SWIFT_ACTIVE_COMPILATION_CONDITIONS = DEBUG;
				SWIFT_OPTIMIZATION_LEVEL = "-Onone";
			};
			name = Debug;
		};
		157B88181DDB31560025ACCF /* Release */ = {
			isa = XCBuildConfiguration;
			buildSettings = {
				ALWAYS_SEARCH_USER_PATHS = NO;
				CLANG_ANALYZER_NONNULL = YES;
				CLANG_CXX_LANGUAGE_STANDARD = "gnu++0x";
				CLANG_CXX_LIBRARY = "libc++";
				CLANG_ENABLE_MODULES = YES;
				CLANG_ENABLE_OBJC_ARC = YES;
				CLANG_WARN_BOOL_CONVERSION = YES;
				CLANG_WARN_CONSTANT_CONVERSION = YES;
				CLANG_WARN_DIRECT_OBJC_ISA_USAGE = YES_ERROR;
				CLANG_WARN_DOCUMENTATION_COMMENTS = YES;
				CLANG_WARN_EMPTY_BODY = YES;
				CLANG_WARN_ENUM_CONVERSION = YES;
				CLANG_WARN_INFINITE_RECURSION = YES;
				CLANG_WARN_INT_CONVERSION = YES;
				CLANG_WARN_OBJC_ROOT_CLASS = YES_ERROR;
				CLANG_WARN_SUSPICIOUS_MOVE = YES;
				CLANG_WARN_SUSPICIOUS_MOVES = YES;
				CLANG_WARN_UNREACHABLE_CODE = YES;
				CLANG_WARN__DUPLICATE_METHOD_MATCH = YES;
				"CODE_SIGN_IDENTITY[sdk=iphoneos*]" = "iPhone Developer";
				COPY_PHASE_STRIP = NO;
				DEBUG_INFORMATION_FORMAT = "dwarf-with-dsym";
				ENABLE_NS_ASSERTIONS = NO;
				ENABLE_STRICT_OBJC_MSGSEND = YES;
				GCC_C_LANGUAGE_STANDARD = gnu99;
				GCC_NO_COMMON_BLOCKS = YES;
				GCC_WARN_64_TO_32_BIT_CONVERSION = YES;
				GCC_WARN_ABOUT_RETURN_TYPE = YES_ERROR;
				GCC_WARN_UNDECLARED_SELECTOR = YES;
				GCC_WARN_UNINITIALIZED_AUTOS = YES_AGGRESSIVE;
				GCC_WARN_UNUSED_FUNCTION = YES;
				GCC_WARN_UNUSED_VARIABLE = YES;
				IPHONEOS_DEPLOYMENT_TARGET = 10.1;
				MTL_ENABLE_DEBUG_INFO = NO;
				SDKROOT = iphoneos;
				SWIFT_OPTIMIZATION_LEVEL = "-Owholemodule";
				VALIDATE_PRODUCT = YES;
			};
			name = Release;
		};
		157B881A1DDB31560025ACCF /* Debug */ = {
			isa = XCBuildConfiguration;
			baseConfigurationReference = A47ABC841A3557051F4F37A1 /* Pods-Weather Today.debug.xcconfig */;
			buildSettings = {
				ALWAYS_EMBED_SWIFT_STANDARD_LIBRARIES = YES;
				ASSETCATALOG_COMPILER_APPICON_NAME = AppIcon;
				DEVELOPMENT_TEAM = FQ34W7BKSR;
				INFOPLIST_FILE = "Weather Today/Info.plist";
				LD_RUNPATH_SEARCH_PATHS = "$(inherited) @executable_path/Frameworks";
				PRODUCT_BUNDLE_IDENTIFIER = "com.akashsinghal.Weather-Today";
				PRODUCT_NAME = "$(TARGET_NAME)";
				SWIFT_VERSION = 3.0;
			};
			name = Debug;
		};
		157B881B1DDB31560025ACCF /* Release */ = {
			isa = XCBuildConfiguration;
			baseConfigurationReference = 40F62A622C5C4713E5FF4508 /* Pods-Weather Today.release.xcconfig */;
			buildSettings = {
				ALWAYS_EMBED_SWIFT_STANDARD_LIBRARIES = YES;
				ASSETCATALOG_COMPILER_APPICON_NAME = AppIcon;
				DEVELOPMENT_TEAM = FQ34W7BKSR;
				INFOPLIST_FILE = "Weather Today/Info.plist";
				LD_RUNPATH_SEARCH_PATHS = "$(inherited) @executable_path/Frameworks";
				PRODUCT_BUNDLE_IDENTIFIER = "com.akashsinghal.Weather-Today";
				PRODUCT_NAME = "$(TARGET_NAME)";
				SWIFT_VERSION = 3.0;
			};
			name = Release;
		};
/* End XCBuildConfiguration section */

/* Begin XCConfigurationList section */
		157B88021DDB31560025ACCF /* Build configuration list for PBXProject "Weather Today" */ = {
			isa = XCConfigurationList;
			buildConfigurations = (
				157B88171DDB31560025ACCF /* Debug */,
				157B88181DDB31560025ACCF /* Release */,
			);
			defaultConfigurationIsVisible = 0;
			defaultConfigurationName = Release;
		};
		157B88191DDB31560025ACCF /* Build configuration list for PBXNativeTarget "Weather Today" */ = {
			isa = XCConfigurationList;
			buildConfigurations = (
				157B881A1DDB31560025ACCF /* Debug */,
				157B881B1DDB31560025ACCF /* Release */,
			);
			defaultConfigurationIsVisible = 0;
			defaultConfigurationName = Release;
		};
/* End XCConfigurationList section */
	};
	rootObject = 157B87FF1DDB31560025ACCF /* Project object */;
}
